
Microsoft Visual Studio Solution File, Format Version 12.00
# Visual Studio Version 16
VisualStudioVersion = 16.0.30011.22
MinimumVisualStudioVersion = 10.0.40219.1
Project("{FAE04EC0-301F-11D3-BF4B-00C04F79EFBC}") = "ScheduleMaster2000_Remastered", "ScheduleMaster2000_Remastered\ScheduleMaster2000_Remastered.csproj", "{DB427F2F-DC1D-4C01-B271-4F5EC2FFD0AB}"
EndProject
Global
	GlobalSection(SolutionConfigurationPlatforms) = preSolution
		Debug|Any CPU = Debug|Any CPU
		Release|Any CPU = Release|Any CPU
	EndGlobalSection
	GlobalSection(ProjectConfigurationPlatforms) = postSolution
		{DB427F2F-DC1D-4C01-B271-4F5EC2FFD0AB}.Debug|Any CPU.ActiveCfg = Debug|Any CPU
		{DB427F2F-DC1D-4C01-B271-4F5EC2FFD0AB}.Debug|Any CPU.Build.0 = Debug|Any CPU
		{DB427F2F-DC1D-4C01-B271-4F5EC2FFD0AB}.Release|Any CPU.ActiveCfg = Release|Any CPU
		{DB427F2F-DC1D-4C01-B271-4F5EC2FFD0AB}.Release|Any CPU.Build.0 = Release|Any CPU
	EndGlobalSection
	GlobalSection(SolutionProperties) = preSolution
		HideSolutionNode = FALSE
	EndGlobalSection
	GlobalSection(ExtensibilityGlobals) = postSolution
		SolutionGuid = {912C2CE6-1620-485A-8DBD-E0714CF0275A}
	EndGlobalSection
EndGlobal
